
Microsoft Visual Studio Solution File, Format Version 12.00
# Visual Studio Version 17
VisualStudioVersion = 17.9.34607.119
MinimumVisualStudioVersion = 10.0.40219.1
Project("{FAE04EC0-301F-11D3-BF4B-00C04F79EFBC}") = "Cantiere", "Cantiere\Cantiere.csproj", "{B438315B-205E-4CC4-AD08-5E00B408FBF7}"
EndProject
Global
	GlobalSection(SolutionConfigurationPlatforms) = preSolution
		Debug|Any CPU = Debug|Any CPU
		Release|Any CPU = Release|Any CPU
	EndGlobalSection
	GlobalSection(ProjectConfigurationPlatforms) = postSolution
		{B438315B-205E-4CC4-AD08-5E00B408FBF7}.Debug|Any CPU.ActiveCfg = Debug|Any CPU
		{B438315B-205E-4CC4-AD08-5E00B408FBF7}.Debug|Any CPU.Build.0 = Debug|Any CPU
		{B438315B-205E-4CC4-AD08-5E00B408FBF7}.Release|Any CPU.ActiveCfg = Release|Any CPU
		{B438315B-205E-4CC4-AD08-5E00B408FBF7}.Release|Any CPU.Build.0 = Release|Any CPU
	EndGlobalSection
	GlobalSection(SolutionProperties) = preSolution
		HideSolutionNode = FALSE
	EndGlobalSection
	GlobalSection(ExtensibilityGlobals) = postSolution
		SolutionGuid = {99F94202-FDB9-418E-AA56-62BC861471D3}
	EndGlobalSection
EndGlobal
